
Microsoft Visual Studio Solution File, Format Version 12.00
# Visual Studio Version 17
VisualStudioVersion = 17.9.34607.119
MinimumVisualStudioVersion = 10.0.40219.1
Project("{FAE04EC0-301F-11D3-BF4B-00C04F79EFBC}") = "GrpcServer", "GrpcServer\GrpcServer.csproj", "{B9367AF7-7ECE-4239-A513-F2A5E016E377}"
EndProject
Project("{FAE04EC0-301F-11D3-BF4B-00C04F79EFBC}") = "GrpcClient", "GrpcClient\GrpcClient.csproj", "{A891A3F7-40B3-447A-ABEC-F43A1F471202}"
EndProject
Global
	GlobalSection(SolutionConfigurationPlatforms) = preSolution
		Debug|Any CPU = Debug|Any CPU
		Release|Any CPU = Release|Any CPU
	EndGlobalSection
	GlobalSection(ProjectConfigurationPlatforms) = postSolution
		{B9367AF7-7ECE-4239-A513-F2A5E016E377}.Debug|Any CPU.ActiveCfg = Debug|Any CPU
		{B9367AF7-7ECE-4239-A513-F2A5E016E377}.Debug|Any CPU.Build.0 = Debug|Any CPU
		{B9367AF7-7ECE-4239-A513-F2A5E016E377}.Release|Any CPU.ActiveCfg = Release|Any CPU
		{B9367AF7-7ECE-4239-A513-F2A5E016E377}.Release|Any CPU.Build.0 = Release|Any CPU
		{A891A3F7-40B3-447A-ABEC-F43A1F471202}.Debug|Any CPU.ActiveCfg = Debug|Any CPU
		{A891A3F7-40B3-447A-ABEC-F43A1F471202}.Debug|Any CPU.Build.0 = Debug|Any CPU
		{A891A3F7-40B3-447A-ABEC-F43A1F471202}.Release|Any CPU.ActiveCfg = Release|Any CPU
		{A891A3F7-40B3-447A-ABEC-F43A1F471202}.Release|Any CPU.Build.0 = Release|Any CPU
	EndGlobalSection
	GlobalSection(SolutionProperties) = preSolution
		HideSolutionNode = FALSE
	EndGlobalSection
	GlobalSection(ExtensibilityGlobals) = postSolution
		SolutionGuid = {2F3362AA-71AD-4C28-B4A4-D316ABB79946}
	EndGlobalSection
EndGlobal
